// !$*UTF8*$!
{
	archiveVersion = 1;
	classes = {
	};
	objectVersion = 56;
	objects = {

/* Begin PBXBuildFile section */
		E50DCC012A478A1B001B7547 /* AppDelegate.swift in Sources */ = {isa = PBXBuildFile; fileRef = E50DCC002A478A1B001B7547 /* AppDelegate.swift */; };
		E50DCC032A478A1B001B7547 /* SceneDelegate.swift in Sources */ = {isa = PBXBuildFile; fileRef = E50DCC022A478A1B001B7547 /* SceneDelegate.swift */; };
		E50DCC052A478A1B001B7547 /* ViewController.swift in Sources */ = {isa = PBXBuildFile; fileRef = E50DCC042A478A1B001B7547 /* ViewController.swift */; };
		E50DCC082A478A1B001B7547 /* Main.storyboard in Resources */ = {isa = PBXBuildFile; fileRef = E50DCC062A478A1B001B7547 /* Main.storyboard */; };
		E50DCC0A2A478A1E001B7547 /* Assets.xcassets in Resources */ = {isa = PBXBuildFile; fileRef = E50DCC092A478A1E001B7547 /* Assets.xcassets */; };
		E50DCC0D2A478A1E001B7547 /* LaunchScreen.storyboard in Resources */ = {isa = PBXBuildFile; fileRef = E50DCC0B2A478A1E001B7547 /* LaunchScreen.storyboard */; };
		E582FEC62A57AEFB005D10AE /* Response.swift in Sources */ = {isa = PBXBuildFile; fileRef = E582FEC52A57AEFB005D10AE /* Response.swift */; };
		E5EC61462A48CEF30073E9E7 /* Constants.swift in Sources */ = {isa = PBXBuildFile; fileRef = E5EC61452A48CEF30073E9E7 /* Constants.swift */; };
		E5EC61492A48D2E50073E9E7 /* Video.swift in Sources */ = {isa = PBXBuildFile; fileRef = E5EC61482A48D2E50073E9E7 /* Video.swift */; };
		E5EC614B2A48D3EF0073E9E7 /* Model.swift in Sources */ = {isa = PBXBuildFile; fileRef = E5EC614A2A48D3EF0073E9E7 /* Model.swift */; };
/* End PBXBuildFile section */

/* Begin PBXFileReference section */
		E50DCBFD2A478A1B001B7547 /* YT1dDemoBuild.app */ = {isa = PBXFileReference; explicitFileType = wrapper.application; includeInIndex = 0; path = YT1dDemoBuild.app; sourceTree = BUILT_PRODUCTS_DIR; };
		E50DCC002A478A1B001B7547 /* AppDelegate.swift */ = {isa = PBXFileReference; lastKnownFileType = sourcecode.swift; path = AppDelegate.swift; sourceTree = "<group>"; };
		E50DCC022A478A1B001B7547 /* SceneDelegate.swift */ = {isa = PBXFileReference; lastKnownFileType = sourcecode.swift; path = SceneDelegate.swift; sourceTree = "<group>"; };
		E50DCC042A478A1B001B7547 /* ViewController.swift */ = {isa = PBXFileReference; lastKnownFileType = sourcecode.swift; path = ViewController.swift; sourceTree = "<group>"; };
		E50DCC072A478A1B001B7547 /* Base */ = {isa = PBXFileReference; lastKnownFileType = file.storyboard; name = Base; path = Base.lproj/Main.storyboard; sourceTree = "<group>"; };
		E50DCC092A478A1E001B7547 /* Assets.xcassets */ = {isa = PBXFileReference; lastKnownFileType = folder.assetcatalog; path = Assets.xcassets; sourceTree = "<group>"; };
		E50DCC0C2A478A1E001B7547 /* Base */ = {isa = PBXFileReference; lastKnownFileType = file.storyboard; name = Base; path = Base.lproj/LaunchScreen.storyboard; sourceTree = "<group>"; };
		E50DCC0E2A478A1E001B7547 /* Info.plist */ = {isa = PBXFileReference; lastKnownFileType = text.plist.xml; path = Info.plist; sourceTree = "<group>"; };
		E582FEC52A57AEFB005D10AE /* Response.swift */ = {isa = PBXFileReference; lastKnownFileType = sourcecode.swift; path = Response.swift; sourceTree = "<group>"; };
		E5EC61452A48CEF30073E9E7 /* Constants.swift */ = {isa = PBXFileReference; lastKnownFileType = sourcecode.swift; path = Constants.swift; sourceTree = "<group>"; };
		E5EC61482A48D2E50073E9E7 /* Video.swift */ = {isa = PBXFileReference; lastKnownFileType = sourcecode.swift; path = Video.swift; sourceTree = "<group>"; };
		E5EC614A2A48D3EF0073E9E7 /* Model.swift */ = {isa = PBXFileReference; lastKnownFileType = sourcecode.swift; path = Model.swift; sourceTree = "<group>"; };
/* End PBXFileReference section */

/* Begin PBXFrameworksBuildPhase section */
		E50DCBFA2A478A1B001B7547 /* Frameworks */ = {
			isa = PBXFrameworksBuildPhase;
			buildActionMask = 2147483647;
			files = (
			);
			runOnlyForDeploymentPostprocessing = 0;
		};
/* End PBXFrameworksBuildPhase section */

/* Begin PBXGroup section */
		E50DCBF42A478A1B001B7547 = {
			isa = PBXGroup;
			children = (
				E50DCBFF2A478A1B001B7547 /* YT1dDemoBuild */,
				E50DCBFE2A478A1B001B7547 /* Products */,
			);
			sourceTree = "<group>";
		};
		E50DCBFE2A478A1B001B7547 /* Products */ = {
			isa = PBXGroup;
			children = (
				E50DCBFD2A478A1B001B7547 /* YT1dDemoBuild.app */,
			);
			name = Products;
			sourceTree = "<group>";
		};
		E50DCBFF2A478A1B001B7547 /* YT1dDemoBuild */ = {
			isa = PBXGroup;
			children = (
				E5EC61472A48D2B90073E9E7 /* Organizer - parameters */,
				E50DCC002A478A1B001B7547 /* AppDelegate.swift */,
				E50DCC022A478A1B001B7547 /* SceneDelegate.swift */,
				E50DCC042A478A1B001B7547 /* ViewController.swift */,
				E50DCC062A478A1B001B7547 /* Main.storyboard */,
				E50DCC092A478A1E001B7547 /* Assets.xcassets */,
				E50DCC0B2A478A1E001B7547 /* LaunchScreen.storyboard */,
				E50DCC0E2A478A1E001B7547 /* Info.plist */,
			);
			path = YT1dDemoBuild;
			sourceTree = "<group>";
		};
		E5EC61472A48D2B90073E9E7 /* Organizer - parameters */ = {
			isa = PBXGroup;
			children = (
				E5EC61452A48CEF30073E9E7 /* Constants.swift */,
				E5EC61482A48D2E50073E9E7 /* Video.swift */,
				E5EC614A2A48D3EF0073E9E7 /* Model.swift */,
				E582FEC52A57AEFB005D10AE /* Response.swift */,
			);
			path = "Organizer - parameters";
			sourceTree = "<group>";
		};
/* End PBXGroup section */

/* Begin PBXNativeTarget section */
		E50DCBFC2A478A1B001B7547 /* YT1dDemoBuild */ = {
			isa = PBXNativeTarget;
			buildConfigurationList = E50DCC112A478A1E001B7547 /* Build configuration list for PBXNativeTarget "YT1dDemoBuild" */;
			buildPhases = (
				E50DCBF92A478A1B001B7547 /* Sources */,
				E50DCBFA2A478A1B001B7547 /* Frameworks */,
				E50DCBFB2A478A1B001B7547 /* Resources */,
			);
			buildRules = (
			);
			dependencies = (
			);
			name = YT1dDemoBuild;
			productName = YT1dDemoBuild;
			productReference = E50DCBFD2A478A1B001B7547 /* YT1dDemoBuild.app */;
			productType = "com.apple.product-type.application";
		};
/* End PBXNativeTarget section */

/* Begin PBXProject section */
		E50DCBF52A478A1B001B7547 /* Project object */ = {
			isa = PBXProject;
			attributes = {
				BuildIndependentTargetsInParallel = 1;
				LastSwiftUpdateCheck = 1420;
				LastUpgradeCheck = 1420;
				TargetAttributes = {
					E50DCBFC2A478A1B001B7547 = {
						CreatedOnToolsVersion = 14.2;
					};
				};
			};
			buildConfigurationList = E50DCBF82A478A1B001B7547 /* Build configuration list for PBXProject "YT1dDemoBuild" */;
			compatibilityVersion = "Xcode 14.0";
			developmentRegion = en;
			hasScannedForEncodings = 0;
			knownRegions = (
				en,
				Base,
			);
			mainGroup = E50DCBF42A478A1B001B7547;
			productRefGroup = E50DCBFE2A478A1B001B7547 /* Products */;
			projectDirPath = "";
			projectRoot = "";
			targets = (
				E50DCBFC2A478A1B001B7547 /* YT1dDemoBuild */,
			);
		};
/* End PBXProject section */

/* Begin PBXResourcesBuildPhase section */
		E50DCBFB2A478A1B001B7547 /* Resources */ = {
			isa = PBXResourcesBuildPhase;
			buildActionMask = 2147483647;
			files = (
				E50DCC0D2A478A1E001B7547 /* LaunchScreen.storyboard in Resources */,
				E50DCC0A2A478A1E001B7547 /* Assets.xcassets in Resources */,
				E50DCC082A478A1B001B7547 /* Main.storyboard in Resources */,
			);
			runOnlyForDeploymentPostprocessing = 0;
		};
/* End PBXResourcesBuildPhase section */

/* Begin PBXSourcesBuildPhase section */
		E50DCBF92A478A1B001B7547 /* Sources */ = {
			isa = PBXSourcesBuildPhase;
			buildActionMask = 2147483647;
			files = (
				E582FEC62A57AEFB005D10AE /* Response.swift in Sources */,
				E50DCC052A478A1B001B7547 /* ViewController.swift in Sources */,
				E50DCC012A478A1B001B7547 /* AppDelegate.swift in Sources */,
				E50DCC032A478A1B001B7547 /* SceneDelegate.swift in Sources */,
				E5EC614B2A48D3EF0073E9E7 /* Model.swift in Sources */,
				E5EC61462A48CEF30073E9E7 /* Constants.swift in Sources */,
				E5EC61492A48D2E50073E9E7 /* Video.swift in Sources */,
			);
			runOnlyForDeploymentPostprocessing = 0;
		};
/* End PBXSourcesBuildPhase section */

/* Begin PBXVariantGroup section */
		E50DCC062A478A1B001B7547 /* Main.storyboard */ = {
			isa = PBXVariantGroup;
			children = (
				E50DCC072A478A1B001B7547 /* Base */,
			);
			name = Main.storyboard;
			sourceTree = "<group>";
		};
		E50DCC0B2A478A1E001B7547 /* LaunchScreen.storyboard */ = {
			isa = PBXVariantGroup;
			children = (
				E50DCC0C2A478A1E001B7547 /* Base */,
			);
			name = LaunchScreen.storyboard;
			sourceTree = "<group>";
		};
/* End PBXVariantGroup section */

/* Begin XCBuildConfiguration section */
		E50DCC0F2A478A1E001B7547 /* Debug */ = {
			isa = XCBuildConfiguration;
			buildSettings = {
				ALWAYS_SEARCH_USER_PATHS = NO;
				CLANG_ANALYZER_NONNULL = YES;
				CLANG_ANALYZER_NUMBER_OBJECT_CONVERSION = YES_AGGRESSIVE;
				CLANG_CXX_LANGUAGE_STANDARD = "gnu++20";
				CLANG_ENABLE_MODULES = YES;
				CLANG_ENABLE_OBJC_ARC = YES;
				CLANG_ENABLE_OBJC_WEAK = YES;
				CLANG_WARN_BLOCK_CAPTURE_AUTORELEASING = YES;
				CLANG_WARN_BOOL_CONVERSION = YES;
				CLANG_WARN_COMMA = YES;
				CLANG_WARN_CONSTANT_CONVERSION = YES;
				CLANG_WARN_DEPRECATED_OBJC_IMPLEMENTATIONS = YES;
				CLANG_WARN_DIRECT_OBJC_ISA_USAGE = YES_ERROR;
				CLANG_WARN_DOCUMENTATION_COMMENTS = YES;
				CLANG_WARN_EMPTY_BODY = YES;
				CLANG_WARN_ENUM_CONVERSION = YES;
				CLANG_WARN_INFINITE_RECURSION = YES;
				CLANG_WARN_INT_CONVERSION = YES;
				CLANG_WARN_NON_LITERAL_NULL_CONVERSION = YES;
				CLANG_WARN_OBJC_IMPLICIT_RETAIN_SELF = YES;
				CLANG_WARN_OBJC_LITERAL_CONVERSION = YES;
				CLANG_WARN_OBJC_ROOT_CLASS = YES_ERROR;
				CLANG_WARN_QUOTED_INCLUDE_IN_FRAMEWORK_HEADER = YES;
				CLANG_WARN_RANGE_LOOP_ANALYSIS = YES;
				CLANG_WARN_STRICT_PROTOTYPES = YES;
				CLANG_WARN_SUSPICIOUS_MOVE = YES;
				CLANG_WARN_UNGUARDED_AVAILABILITY = YES_AGGRESSIVE;
				CLANG_WARN_UNREACHABLE_CODE = YES;
				CLANG_WARN__DUPLICATE_METHOD_MATCH = YES;
				COPY_PHASE_STRIP = NO;
				DEBUG_INFORMATION_FORMAT = dwarf;
				ENABLE_STRICT_OBJC_MSGSEND = YES;
				ENABLE_TESTABILITY = YES;
				GCC_C_LANGUAGE_STANDARD = gnu11;
				GCC_DYNAMIC_NO_PIC = NO;
				GCC_NO_COMMON_BLOCKS = YES;
				GCC_OPTIMIZATION_LEVEL = 0;
				GCC_PREPROCESSOR_DEFINITIONS = (
					"DEBUG=1",
					"$(inherited)",
				);
				GCC_WARN_64_TO_32_BIT_CONVERSION = YES;
				GCC_WARN_ABOUT_RETURN_TYPE = YES_ERROR;
				GCC_WARN_UNDECLARED_SELECTOR = YES;
				GCC_WARN_UNINITIALIZED_AUTOS = YES_AGGRESSIVE;
				GCC_WARN_UNUSED_FUNCTION = YES;
				GCC_WARN_UNUSED_VARIABLE = YES;
				IPHONEOS_DEPLOYMENT_TARGET = 16.2;
				MTL_ENABLE_DEBUG_INFO = INCLUDE_SOURCE;
				MTL_FAST_MATH = YES;
				ONLY_ACTIVE_ARCH = YES;
				SDKROOT = iphoneos;
				SWIFT_ACTIVE_COMPILATION_CONDITIONS = DEBUG;
				SWIFT_OPTIMIZATION_LEVEL = "-Onone";
			};
			name = Debug;
		};
		E50DCC102A478A1E001B7547 /* Release */ = {
			isa = XCBuildConfiguration;
			buildSettings = {
				ALWAYS_SEARCH_USER_PATHS = NO;
				CLANG_ANALYZER_NONNULL = YES;
				CLANG_ANALYZER_NUMBER_OBJECT_CONVERSION = YES_AGGRESSIVE;
				CLANG_CXX_LANGUAGE_STANDARD = "gnu++20";
				CLANG_ENABLE_MODULES = YES;
				CLANG_ENABLE_OBJC_ARC = YES;
				CLANG_ENABLE_OBJC_WEAK = YES;
				CLANG_WARN_BLOCK_CAPTURE_AUTORELEASING = YES;
				CLANG_WARN_BOOL_CONVERSION = YES;
				CLANG_WARN_COMMA = YES;
				CLANG_WARN_CONSTANT_CONVERSION = YES;
				CLANG_WARN_DEPRECATED_OBJC_IMPLEMENTATIONS = YES;
				CLANG_WARN_DIRECT_OBJC_ISA_USAGE = YES_ERROR;
				CLANG_WARN_DOCUMENTATION_COMMENTS = YES;
				CLANG_WARN_EMPTY_BODY = YES;
				CLANG_WARN_ENUM_CONVERSION = YES;
				CLANG_WARN_INFINITE_RECURSION = YES;
				CLANG_WARN_INT_CONVERSION = YES;
				CLANG_WARN_NON_LITERAL_NULL_CONVERSION = YES;
				CLANG_WARN_OBJC_IMPLICIT_RETAIN_SELF = YES;
				CLANG_WARN_OBJC_LITERAL_CONVERSION = YES;
				CLANG_WARN_OBJC_ROOT_CLASS = YES_ERROR;
				CLANG_WARN_QUOTED_INCLUDE_IN_FRAMEWORK_HEADER = YES;
				CLANG_WARN_RANGE_LOOP_ANALYSIS = YES;
				CLANG_WARN_STRICT_PROTOTYPES = YES;
				CLANG_WARN_SUSPICIOUS_MOVE = YES;
				CLANG_WARN_UNGUARDED_AVAILABILITY = YES_AGGRESSIVE;
				CLANG_WARN_UNREACHABLE_CODE = YES;
				CLANG_WARN__DUPLICATE_METHOD_MATCH = YES;
				COPY_PHASE_STRIP = NO;
				DEBUG_INFORMATION_FORMAT = "dwarf-with-dsym";
				ENABLE_NS_ASSERTIONS = NO;
				ENABLE_STRICT_OBJC_MSGSEND = YES;
				GCC_C_LANGUAGE_STANDARD = gnu11;
				GCC_NO_COMMON_BLOCKS = YES;
				GCC_WARN_64_TO_32_BIT_CONVERSION = YES;
				GCC_WARN_ABOUT_RETURN_TYPE = YES_ERROR;
				GCC_WARN_UNDECLARED_SELECTOR = YES;
				GCC_WARN_UNINITIALIZED_AUTOS = YES_AGGRESSIVE;
				GCC_WARN_UNUSED_FUNCTION = YES;
				GCC_WARN_UNUSED_VARIABLE = YES;
				IPHONEOS_DEPLOYMENT_TARGET = 16.2;
				MTL_ENABLE_DEBUG_INFO = NO;
				MTL_FAST_MATH = YES;
				SDKROOT = iphoneos;
				SWIFT_COMPILATION_MODE = wholemodule;
				SWIFT_OPTIMIZATION_LEVEL = "-O";
				VALIDATE_PRODUCT = YES;
			};
			name = Release;
		};
		E50DCC122A478A1E001B7547 /* Debug */ = {
			isa = XCBuildConfiguration;
			buildSettings = {
				ASSETCATALOG_COMPILER_APPICON_NAME = AppIcon;
				ASSETCATALOG_COMPILER_GLOBAL_ACCENT_COLOR_NAME = AccentColor;
				CODE_SIGN_STYLE = Automatic;
				CURRENT_PROJECT_VERSION = 1;
				DEVELOPMENT_TEAM = 2YH46559QA;
				GENERATE_INFOPLIST_FILE = YES;
				INFOPLIST_FILE = YT1dDemoBuild/Info.plist;
				INFOPLIST_KEY_UIApplicationSupportsIndirectInputEvents = YES;
				INFOPLIST_KEY_UILaunchStoryboardName = LaunchScreen;
				INFOPLIST_KEY_UIMainStoryboardFile = Main;
				INFOPLIST_KEY_UISupportedInterfaceOrientations_iPad = "UIInterfaceOrientationPortrait UIInterfaceOrientationPortraitUpsideDown UIInterfaceOrientationLandscapeLeft UIInterfaceOrientationLandscapeRight";
				INFOPLIST_KEY_UISupportedInterfaceOrientations_iPhone = "UIInterfaceOrientationPortrait UIInterfaceOrientationLandscapeLeft UIInterfaceOrientationLandscapeRight";
				LD_RUNPATH_SEARCH_PATHS = (
					"$(inherited)",
					"@executable_path/Frameworks",
				);
				MARKETING_VERSION = 1.0;
				PRODUCT_BUNDLE_IDENTIFIER = com.KDMusic.YT1dDemoBuild;
				PRODUCT_NAME = "$(TARGET_NAME)";
				SWIFT_EMIT_LOC_STRINGS = YES;
				SWIFT_VERSION = 5.0;
				TARGETED_DEVICE_FAMILY = "1,2";
			};
			name = Debug;
		};
		E50DCC132A478A1E001B7547 /* Release */ = {
			isa = XCBuildConfiguration;
			buildSettings = {
				ASSETCATALOG_COMPILER_APPICON_NAME = AppIcon;
				ASSETCATALOG_COMPILER_GLOBAL_ACCENT_COLOR_NAME = AccentColor;
				CODE_SIGN_STYLE = Automatic;
				CURRENT_PROJECT_VERSION = 1;
				DEVELOPMENT_TEAM = 2YH46559QA;
				GENERATE_INFOPLIST_FILE = YES;
				INFOPLIST_FILE = YT1dDemoBuild/Info.plist;
				INFOPLIST_KEY_UIApplicationSupportsIndirectInputEvents = YES;
				INFOPLIST_KEY_UILaunchStoryboardName = LaunchScreen;
				INFOPLIST_KEY_UIMainStoryboardFile = Main;
				INFOPLIST_KEY_UISupportedInterfaceOrientations_iPad = "UIInterfaceOrientationPortrait UIInterfaceOrientationPortraitUpsideDown UIInterfaceOrientationLandscapeLeft UIInterfaceOrientationLandscapeRight";
				INFOPLIST_KEY_UISupportedInterfaceOrientations_iPhone = "UIInterfaceOrientationPortrait UIInterfaceOrientationLandscapeLeft UIInterfaceOrientationLandscapeRight";
				LD_RUNPATH_SEARCH_PATHS = (
					"$(inherited)",
					"@executable_path/Frameworks",
				);
				MARKETING_VERSION = 1.0;
				PRODUCT_BUNDLE_IDENTIFIER = com.KDMusic.YT1dDemoBuild;
				PRODUCT_NAME = "$(TARGET_NAME)";
				SWIFT_EMIT_LOC_STRINGS = YES;
				SWIFT_VERSION = 5.0;
				TARGETED_DEVICE_FAMILY = "1,2";
			};
			name = Release;
		};
/* End XCBuildConfiguration section */

/* Begin XCConfigurationList section */
		E50DCBF82A478A1B001B7547 /* Build configuration list for PBXProject "YT1dDemoBuild" */ = {
			isa = XCConfigurationList;
			buildConfigurations = (
				E50DCC0F2A478A1E001B7547 /* Debug */,
				E50DCC102A478A1E001B7547 /* Release */,
			);
			defaultConfigurationIsVisible = 0;
			defaultConfigurationName = Release;
		};
		E50DCC112A478A1E001B7547 /* Build configuration list for PBXNativeTarget "YT1dDemoBuild" */ = {
			isa = XCConfigurationList;
			buildConfigurations = (
				E50DCC122A478A1E001B7547 /* Debug */,
				E50DCC132A478A1E001B7547 /* Release */,
			);
			defaultConfigurationIsVisible = 0;
			defaultConfigurationName = Release;
		};
/* End XCConfigurationList section */
	};
	rootObject = E50DCBF52A478A1B001B7547 /* Project object */;
}
